
Microsoft Visual Studio Solution File, Format Version 12.00
# Visual Studio 15
VisualStudioVersion = 15.0.28010.2003
MinimumVisualStudioVersion = 10.0.40219.1
Project("{FAE04EC0-301F-11D3-BF4B-00C04F79EFBC}") = "Tetris", "Tetris\Tetris.csproj", "{D2C475F7-0132-4354-B747-9C9D1AF469C8}"
EndProject
Project("{FAE04EC0-301F-11D3-BF4B-00C04F79EFBC}") = "Tetris.Test", "Tetris.Test\Tetris.Test.csproj", "{E8C83B71-6246-4E27-8043-6487D499D15B}"
EndProject
Global
	GlobalSection(SolutionConfigurationPlatforms) = preSolution
		Debug|Any CPU = Debug|Any CPU
		Release|Any CPU = Release|Any CPU
	EndGlobalSection
	GlobalSection(ProjectConfigurationPlatforms) = postSolution
		{D2C475F7-0132-4354-B747-9C9D1AF469C8}.Debug|Any CPU.ActiveCfg = Debug|Any CPU
		{D2C475F7-0132-4354-B747-9C9D1AF469C8}.Debug|Any CPU.Build.0 = Debug|Any CPU
		{D2C475F7-0132-4354-B747-9C9D1AF469C8}.Release|Any CPU.ActiveCfg = Release|Any CPU
		{D2C475F7-0132-4354-B747-9C9D1AF469C8}.Release|Any CPU.Build.0 = Release|Any CPU
		{E8C83B71-6246-4E27-8043-6487D499D15B}.Debug|Any CPU.ActiveCfg = Debug|Any CPU
		{E8C83B71-6246-4E27-8043-6487D499D15B}.Debug|Any CPU.Build.0 = Debug|Any CPU
		{E8C83B71-6246-4E27-8043-6487D499D15B}.Release|Any CPU.ActiveCfg = Release|Any CPU
		{E8C83B71-6246-4E27-8043-6487D499D15B}.Release|Any CPU.Build.0 = Release|Any CPU
	EndGlobalSection
	GlobalSection(SolutionProperties) = preSolution
		HideSolutionNode = FALSE
	EndGlobalSection
	GlobalSection(ExtensibilityGlobals) = postSolution
		SolutionGuid = {5FEA2833-6913-4E80-B8B8-0E65205D3A4A}
	EndGlobalSection
EndGlobal
